// !$*UTF8*$!
{
	archiveVersion = 1;
	classes = {
	};
	objectVersion = 50;
	objects = {

/* Begin PBXBuildFile section */
		C29609A825906BA60081CC86 /* hotdognothotdogApp.swift in Sources */ = {isa = PBXBuildFile; fileRef = C29609A725906BA60081CC86 /* hotdognothotdogApp.swift */; };
		C29609AA25906BA60081CC86 /* ContentView.swift in Sources */ = {isa = PBXBuildFile; fileRef = C29609A925906BA60081CC86 /* ContentView.swift */; };
		C29609AC25906BA80081CC86 /* Assets.xcassets in Resources */ = {isa = PBXBuildFile; fileRef = C29609AB25906BA80081CC86 /* Assets.xcassets */; };
		C29609AF25906BA80081CC86 /* Preview Assets.xcassets in Resources */ = {isa = PBXBuildFile; fileRef = C29609AE25906BA80081CC86 /* Preview Assets.xcassets */; };
		C29609C125906DC20081CC86 /* HotDogClassifier.mlmodel in Sources */ = {isa = PBXBuildFile; fileRef = C29609C025906DC20081CC86 /* HotDogClassifier.mlmodel */; };
		C29609DA259088B90081CC86 /* CameraModel.swift in Sources */ = {isa = PBXBuildFile; fileRef = C29609D9259088B90081CC86 /* CameraModel.swift */; };
		C29609DF259089100081CC86 /* CameraView.swift in Sources */ = {isa = PBXBuildFile; fileRef = C29609DE259089100081CC86 /* CameraView.swift */; };
/* End PBXBuildFile section */

/* Begin PBXFileReference section */
		C29609A425906BA60081CC86 /* hotdognothotdog.app */ = {isa = PBXFileReference; explicitFileType = wrapper.application; includeInIndex = 0; path = hotdognothotdog.app; sourceTree = BUILT_PRODUCTS_DIR; };
		C29609A725906BA60081CC86 /* hotdognothotdogApp.swift */ = {isa = PBXFileReference; lastKnownFileType = sourcecode.swift; path = hotdognothotdogApp.swift; sourceTree = "<group>"; };
		C29609A925906BA60081CC86 /* ContentView.swift */ = {isa = PBXFileReference; lastKnownFileType = sourcecode.swift; path = ContentView.swift; sourceTree = "<group>"; };
		C29609AB25906BA80081CC86 /* Assets.xcassets */ = {isa = PBXFileReference; lastKnownFileType = folder.assetcatalog; path = Assets.xcassets; sourceTree = "<group>"; };
		C29609AE25906BA80081CC86 /* Preview Assets.xcassets */ = {isa = PBXFileReference; lastKnownFileType = folder.assetcatalog; path = "Preview Assets.xcassets"; sourceTree = "<group>"; };
		C29609B025906BA80081CC86 /* Info.plist */ = {isa = PBXFileReference; lastKnownFileType = text.plist.xml; path = Info.plist; sourceTree = "<group>"; };
		C29609C025906DC20081CC86 /* HotDogClassifier.mlmodel */ = {isa = PBXFileReference; lastKnownFileType = file.mlmodel; path = HotDogClassifier.mlmodel; sourceTree = "<group>"; };
		C29609D9259088B90081CC86 /* CameraModel.swift */ = {isa = PBXFileReference; lastKnownFileType = sourcecode.swift; path = CameraModel.swift; sourceTree = "<group>"; };
		C29609DE259089100081CC86 /* CameraView.swift */ = {isa = PBXFileReference; lastKnownFileType = sourcecode.swift; path = CameraView.swift; sourceTree = "<group>"; };
/* End PBXFileReference section */

/* Begin PBXFrameworksBuildPhase section */
		C29609A125906BA60081CC86 /* Frameworks */ = {
			isa = PBXFrameworksBuildPhase;
			buildActionMask = 2147483647;
			files = (
			);
			runOnlyForDeploymentPostprocessing = 0;
		};
/* End PBXFrameworksBuildPhase section */

/* Begin PBXGroup section */
		C296099B25906BA60081CC86 = {
			isa = PBXGroup;
			children = (
				C29609A625906BA60081CC86 /* hotdognothotdog */,
				C29609A525906BA60081CC86 /* Products */,
			);
			sourceTree = "<group>";
		};
		C29609A525906BA60081CC86 /* Products */ = {
			isa = PBXGroup;
			children = (
				C29609A425906BA60081CC86 /* hotdognothotdog.app */,
			);
			name = Products;
			sourceTree = "<group>";
		};
		C29609A625906BA60081CC86 /* hotdognothotdog */ = {
			isa = PBXGroup;
			children = (
				C29609A725906BA60081CC86 /* hotdognothotdogApp.swift */,
				C29609A925906BA60081CC86 /* ContentView.swift */,
				C29609DE259089100081CC86 /* CameraView.swift */,
				C29609D9259088B90081CC86 /* CameraModel.swift */,
				C29609B725906C100081CC86 /* Resource */,
				C29609AB25906BA80081CC86 /* Assets.xcassets */,
				C29609B025906BA80081CC86 /* Info.plist */,
				C29609AD25906BA80081CC86 /* Preview Content */,
			);
			path = hotdognothotdog;
			sourceTree = "<group>";
		};
		C29609AD25906BA80081CC86 /* Preview Content */ = {
			isa = PBXGroup;
			children = (
				C29609AE25906BA80081CC86 /* Preview Assets.xcassets */,
			);
			path = "Preview Content";
			sourceTree = "<group>";
		};
		C29609B725906C100081CC86 /* Resource */ = {
			isa = PBXGroup;
			children = (
				C29609C025906DC20081CC86 /* HotDogClassifier.mlmodel */,
			);
			path = Resource;
			sourceTree = "<group>";
		};
/* End PBXGroup section */

/* Begin PBXNativeTarget section */
		C29609A325906BA60081CC86 /* hotdognothotdog */ = {
			isa = PBXNativeTarget;
			buildConfigurationList = C29609B325906BA80081CC86 /* Build configuration list for PBXNativeTarget "hotdognothotdog" */;
			buildPhases = (
				C29609A025906BA60081CC86 /* Sources */,
				C29609A125906BA60081CC86 /* Frameworks */,
				C29609A225906BA60081CC86 /* Resources */,
			);
			buildRules = (
			);
			dependencies = (
			);
			name = hotdognothotdog;
			productName = hotdognothotdog;
			productReference = C29609A425906BA60081CC86 /* hotdognothotdog.app */;
			productType = "com.apple.product-type.application";
		};
/* End PBXNativeTarget section */

/* Begin PBXProject section */
		C296099C25906BA60081CC86 /* Project object */ = {
			isa = PBXProject;
			attributes = {
				LastSwiftUpdateCheck = 1230;
				LastUpgradeCheck = 1230;
				TargetAttributes = {
					C29609A325906BA60081CC86 = {
						CreatedOnToolsVersion = 12.3;
					};
				};
			};
			buildConfigurationList = C296099F25906BA60081CC86 /* Build configuration list for PBXProject "hotdognothotdog" */;
			compatibilityVersion = "Xcode 9.3";
			developmentRegion = en;
			hasScannedForEncodings = 0;
			knownRegions = (
				en,
				Base,
			);
			mainGroup = C296099B25906BA60081CC86;
			productRefGroup = C29609A525906BA60081CC86 /* Products */;
			projectDirPath = "";
			projectRoot = "";
			targets = (
				C29609A325906BA60081CC86 /* hotdognothotdog */,
			);
		};
/* End PBXProject section */

/* Begin PBXResourcesBuildPhase section */
		C29609A225906BA60081CC86 /* Resources */ = {
			isa = PBXResourcesBuildPhase;
			buildActionMask = 2147483647;
			files = (
				C29609AF25906BA80081CC86 /* Preview Assets.xcassets in Resources */,
				C29609AC25906BA80081CC86 /* Assets.xcassets in Resources */,
			);
			runOnlyForDeploymentPostprocessing = 0;
		};
/* End PBXResourcesBuildPhase section */

/* Begin PBXSourcesBuildPhase section */
		C29609A025906BA60081CC86 /* Sources */ = {
			isa = PBXSourcesBuildPhase;
			buildActionMask = 2147483647;
			files = (
				C29609AA25906BA60081CC86 /* ContentView.swift in Sources */,
				C29609C125906DC20081CC86 /* HotDogClassifier.mlmodel in Sources */,
				C29609DA259088B90081CC86 /* CameraModel.swift in Sources */,
				C29609DF259089100081CC86 /* CameraView.swift in Sources */,
				C29609A825906BA60081CC86 /* hotdognothotdogApp.swift in Sources */,
			);
			runOnlyForDeploymentPostprocessing = 0;
		};
/* End PBXSourcesBuildPhase section */

/* Begin XCBuildConfiguration section */
		C29609B125906BA80081CC86 /* Debug */ = {
			isa = XCBuildConfiguration;
			buildSettings = {
				ALWAYS_SEARCH_USER_PATHS = NO;
				CLANG_ANALYZER_NONNULL = YES;
				CLANG_ANALYZER_NUMBER_OBJECT_CONVERSION = YES_AGGRESSIVE;
				CLANG_CXX_LANGUAGE_STANDARD = "gnu++14";
				CLANG_CXX_LIBRARY = "libc++";
				CLANG_ENABLE_MODULES = YES;
				CLANG_ENABLE_OBJC_ARC = YES;
				CLANG_ENABLE_OBJC_WEAK = YES;
				CLANG_WARN_BLOCK_CAPTURE_AUTORELEASING = YES;
				CLANG_WARN_BOOL_CONVERSION = YES;
				CLANG_WARN_COMMA = YES;
				CLANG_WARN_CONSTANT_CONVERSION = YES;
				CLANG_WARN_DEPRECATED_OBJC_IMPLEMENTATIONS = YES;
				CLANG_WARN_DIRECT_OBJC_ISA_USAGE = YES_ERROR;
				CLANG_WARN_DOCUMENTATION_COMMENTS = YES;
				CLANG_WARN_EMPTY_BODY = YES;
				CLANG_WARN_ENUM_CONVERSION = YES;
				CLANG_WARN_INFINITE_RECURSION = YES;
				CLANG_WARN_INT_CONVERSION = YES;
				CLANG_WARN_NON_LITERAL_NULL_CONVERSION = YES;
				CLANG_WARN_OBJC_IMPLICIT_RETAIN_SELF = YES;
				CLANG_WARN_OBJC_LITERAL_CONVERSION = YES;
				CLANG_WARN_OBJC_ROOT_CLASS = YES_ERROR;
				CLANG_WARN_QUOTED_INCLUDE_IN_FRAMEWORK_HEADER = YES;
				CLANG_WARN_RANGE_LOOP_ANALYSIS = YES;
				CLANG_WARN_STRICT_PROTOTYPES = YES;
				CLANG_WARN_SUSPICIOUS_MOVE = YES;
				CLANG_WARN_UNGUARDED_AVAILABILITY = YES_AGGRESSIVE;
				CLANG_WARN_UNREACHABLE_CODE = YES;
				CLANG_WARN__DUPLICATE_METHOD_MATCH = YES;
				COPY_PHASE_STRIP = NO;
				DEBUG_INFORMATION_FORMAT = dwarf;
				ENABLE_STRICT_OBJC_MSGSEND = YES;
				ENABLE_TESTABILITY = YES;
				GCC_C_LANGUAGE_STANDARD = gnu11;
				GCC_DYNAMIC_NO_PIC = NO;
				GCC_NO_COMMON_BLOCKS = YES;
				GCC_OPTIMIZATION_LEVEL = 0;
				GCC_PREPROCESSOR_DEFINITIONS = (
					"DEBUG=1",
					"$(inherited)",
				);
				GCC_WARN_64_TO_32_BIT_CONVERSION = YES;
				GCC_WARN_ABOUT_RETURN_TYPE = YES_ERROR;
				GCC_WARN_UNDECLARED_SELECTOR = YES;
				GCC_WARN_UNINITIALIZED_AUTOS = YES_AGGRESSIVE;
				GCC_WARN_UNUSED_FUNCTION = YES;
				GCC_WARN_UNUSED_VARIABLE = YES;
				IPHONEOS_DEPLOYMENT_TARGET = 14.3;
				MTL_ENABLE_DEBUG_INFO = INCLUDE_SOURCE;
				MTL_FAST_MATH = YES;
				ONLY_ACTIVE_ARCH = YES;
				SDKROOT = iphoneos;
				SWIFT_ACTIVE_COMPILATION_CONDITIONS = DEBUG;
				SWIFT_OPTIMIZATION_LEVEL = "-Onone";
			};
			name = Debug;
		};
		C29609B225906BA80081CC86 /* Release */ = {
			isa = XCBuildConfiguration;
			buildSettings = {
				ALWAYS_SEARCH_USER_PATHS = NO;
				CLANG_ANALYZER_NONNULL = YES;
				CLANG_ANALYZER_NUMBER_OBJECT_CONVERSION = YES_AGGRESSIVE;
				CLANG_CXX_LANGUAGE_STANDARD = "gnu++14";
				CLANG_CXX_LIBRARY = "libc++";
				CLANG_ENABLE_MODULES = YES;
				CLANG_ENABLE_OBJC_ARC = YES;
				CLANG_ENABLE_OBJC_WEAK = YES;
				CLANG_WARN_BLOCK_CAPTURE_AUTORELEASING = YES;
				CLANG_WARN_BOOL_CONVERSION = YES;
				CLANG_WARN_COMMA = YES;
				CLANG_WARN_CONSTANT_CONVERSION = YES;
				CLANG_WARN_DEPRECATED_OBJC_IMPLEMENTATIONS = YES;
				CLANG_WARN_DIRECT_OBJC_ISA_USAGE = YES_ERROR;
				CLANG_WARN_DOCUMENTATION_COMMENTS = YES;
				CLANG_WARN_EMPTY_BODY = YES;
				CLANG_WARN_ENUM_CONVERSION = YES;
				CLANG_WARN_INFINITE_RECURSION = YES;
				CLANG_WARN_INT_CONVERSION = YES;
				CLANG_WARN_NON_LITERAL_NULL_CONVERSION = YES;
				CLANG_WARN_OBJC_IMPLICIT_RETAIN_SELF = YES;
				CLANG_WARN_OBJC_LITERAL_CONVERSION = YES;
				CLANG_WARN_OBJC_ROOT_CLASS = YES_ERROR;
				CLANG_WARN_QUOTED_INCLUDE_IN_FRAMEWORK_HEADER = YES;
				CLANG_WARN_RANGE_LOOP_ANALYSIS = YES;
				CLANG_WARN_STRICT_PROTOTYPES = YES;
				CLANG_WARN_SUSPICIOUS_MOVE = YES;
				CLANG_WARN_UNGUARDED_AVAILABILITY = YES_AGGRESSIVE;
				CLANG_WARN_UNREACHABLE_CODE = YES;
				CLANG_WARN__DUPLICATE_METHOD_MATCH = YES;
				COPY_PHASE_STRIP = NO;
				DEBUG_INFORMATION_FORMAT = "dwarf-with-dsym";
				ENABLE_NS_ASSERTIONS = NO;
				ENABLE_STRICT_OBJC_MSGSEND = YES;
				GCC_C_LANGUAGE_STANDARD = gnu11;
				GCC_NO_COMMON_BLOCKS = YES;
				GCC_WARN_64_TO_32_BIT_CONVERSION = YES;
				GCC_WARN_ABOUT_RETURN_TYPE = YES_ERROR;
				GCC_WARN_UNDECLARED_SELECTOR = YES;
				GCC_WARN_UNINITIALIZED_AUTOS = YES_AGGRESSIVE;
				GCC_WARN_UNUSED_FUNCTION = YES;
				GCC_WARN_UNUSED_VARIABLE = YES;
				IPHONEOS_DEPLOYMENT_TARGET = 14.3;
				MTL_ENABLE_DEBUG_INFO = NO;
				MTL_FAST_MATH = YES;
				SDKROOT = iphoneos;
				SWIFT_COMPILATION_MODE = wholemodule;
				SWIFT_OPTIMIZATION_LEVEL = "-O";
				VALIDATE_PRODUCT = YES;
			};
			name = Release;
		};
		C29609B425906BA80081CC86 /* Debug */ = {
			isa = XCBuildConfiguration;
			buildSettings = {
				ASSETCATALOG_COMPILER_APPICON_NAME = AppIcon;
				ASSETCATALOG_COMPILER_GLOBAL_ACCENT_COLOR_NAME = AccentColor;
				CODE_SIGN_STYLE = Automatic;
				DEVELOPMENT_ASSET_PATHS = "\"hotdognothotdog/Preview Content\"";
				DEVELOPMENT_TEAM = 4538W4A79B;
				ENABLE_PREVIEWS = YES;
				INFOPLIST_FILE = hotdognothotdog/Info.plist;
				IPHONEOS_DEPLOYMENT_TARGET = 14.0;
				LD_RUNPATH_SEARCH_PATHS = (
					"$(inherited)",
					"@executable_path/Frameworks",
				);
				PRODUCT_BUNDLE_IDENTIFIER = com.aayush.siliconvalley.hotdognothotdog;
				PRODUCT_NAME = "$(TARGET_NAME)";
				SWIFT_VERSION = 5.0;
				TARGETED_DEVICE_FAMILY = "1,2";
			};
			name = Debug;
		};
		C29609B525906BA80081CC86 /* Release */ = {
			isa = XCBuildConfiguration;
			buildSettings = {
				ASSETCATALOG_COMPILER_APPICON_NAME = AppIcon;
				ASSETCATALOG_COMPILER_GLOBAL_ACCENT_COLOR_NAME = AccentColor;
				CODE_SIGN_STYLE = Automatic;
				DEVELOPMENT_ASSET_PATHS = "\"hotdognothotdog/Preview Content\"";
				DEVELOPMENT_TEAM = 4538W4A79B;
				ENABLE_PREVIEWS = YES;
				INFOPLIST_FILE = hotdognothotdog/Info.plist;
				IPHONEOS_DEPLOYMENT_TARGET = 14.0;
				LD_RUNPATH_SEARCH_PATHS = (
					"$(inherited)",
					"@executable_path/Frameworks",
				);
				PRODUCT_BUNDLE_IDENTIFIER = com.aayush.siliconvalley.hotdognothotdog;
				PRODUCT_NAME = "$(TARGET_NAME)";
				SWIFT_VERSION = 5.0;
				TARGETED_DEVICE_FAMILY = "1,2";
			};
			name = Release;
		};
/* End XCBuildConfiguration section */

/* Begin XCConfigurationList section */
		C296099F25906BA60081CC86 /* Build configuration list for PBXProject "hotdognothotdog" */ = {
			isa = XCConfigurationList;
			buildConfigurations = (
				C29609B125906BA80081CC86 /* Debug */,
				C29609B225906BA80081CC86 /* Release */,
			);
			defaultConfigurationIsVisible = 0;
			defaultConfigurationName = Release;
		};
		C29609B325906BA80081CC86 /* Build configuration list for PBXNativeTarget "hotdognothotdog" */ = {
			isa = XCConfigurationList;
			buildConfigurations = (
				C29609B425906BA80081CC86 /* Debug */,
				C29609B525906BA80081CC86 /* Release */,
			);
			defaultConfigurationIsVisible = 0;
			defaultConfigurationName = Release;
		};
/* End XCConfigurationList section */
	};
	rootObject = C296099C25906BA60081CC86 /* Project object */;
}
